
Microsoft Visual Studio Solution File, Format Version 12.00
# Visual Studio Version 17
VisualStudioVersion = 17.14.36203.30
MinimumVisualStudioVersion = 10.0.40219.1
Project("{FAE04EC0-301F-11D3-BF4B-00C04F79EFBC}") = "Sandbox103", "Sandbox103\Sandbox103.csproj", "{09F712BD-F669-4BF6-99AC-E6CF623CFBED}"
EndProject
Project("{FAE04EC0-301F-11D3-BF4B-00C04F79EFBC}") = "Sandbox103.Test", "Sandbox103.Test\Sandbox103.Test.csproj", "{1A646B5E-38B8-45AB-82EB-AB97A1BC1995}"
EndProject
Global
	GlobalSection(SolutionConfigurationPlatforms) = preSolution
		Debug|Any CPU = Debug|Any CPU
		Release|Any CPU = Release|Any CPU
	EndGlobalSection
	GlobalSection(ProjectConfigurationPlatforms) = postSolution
		{09F712BD-F669-4BF6-99AC-E6CF623CFBED}.Debug|Any CPU.ActiveCfg = Debug|Any CPU
		{09F712BD-F669-4BF6-99AC-E6CF623CFBED}.Debug|Any CPU.Build.0 = Debug|Any CPU
		{09F712BD-F669-4BF6-99AC-E6CF623CFBED}.Release|Any CPU.ActiveCfg = Release|Any CPU
		{09F712BD-F669-4BF6-99AC-E6CF623CFBED}.Release|Any CPU.Build.0 = Release|Any CPU
		{1A646B5E-38B8-45AB-82EB-AB97A1BC1995}.Debug|Any CPU.ActiveCfg = Debug|Any CPU
		{1A646B5E-38B8-45AB-82EB-AB97A1BC1995}.Debug|Any CPU.Build.0 = Debug|Any CPU
		{1A646B5E-38B8-45AB-82EB-AB97A1BC1995}.Release|Any CPU.ActiveCfg = Release|Any CPU
		{1A646B5E-38B8-45AB-82EB-AB97A1BC1995}.Release|Any CPU.Build.0 = Release|Any CPU
	EndGlobalSection
	GlobalSection(SolutionProperties) = preSolution
		HideSolutionNode = FALSE
	EndGlobalSection
	GlobalSection(ExtensibilityGlobals) = postSolution
		SolutionGuid = {7BCF5B32-9971-4726-9723-9404740870AF}
	EndGlobalSection
EndGlobal
